{
  "name": "@pruhsert/ckeditor5-svy-toolbar-item",
  "version": "0.4.9",
  "lockfileVersion": 2,
  "requires": true,
  "packages": {
    "": {
      "name": "@pruhsert/ckeditor5-svy-toolbar-item",
      "version": "0.4.9",
      "license": "MIT",
      "dependencies": {
        "@ckeditor/ckeditor5-core": "^41.3.0",
        "@ckeditor/ckeditor5-ui": "^41.3.0"
      }
    },
    "node_modules/@ckeditor/ckeditor5-core": {
      "version": "41.4.2",
      "resolved": "https://registry.npmjs.org/@ckeditor/ckeditor5-core/-/ckeditor5-core-41.4.2.tgz",
      "integrity": "sha512-kCIJjviiMNIMBMx7XFXFp1IeTELQKv7xyPJiVFDyUftIfthf9uWty72ipZ3BBNBGBkaoTiSzDZ507EsX6czuIQ==",
      "dependencies": {
        "@ckeditor/ckeditor5-engine": "41.4.2",
        "@ckeditor/ckeditor5-utils": "41.4.2",
        "lodash-es": "4.17.21"
      }
    },
    "node_modules/@ckeditor/ckeditor5-engine": {
      "version": "41.4.2",
      "resolved": "https://registry.npmjs.org/@ckeditor/ckeditor5-engine/-/ckeditor5-engine-41.4.2.tgz",
      "integrity": "sha512-25JqIzNYvCqQ6f02YY+a8A8xtjClzI0YCio0JGoRG3JHJXzYsQbTPsiokuE1BCwMCu3gYoFz8eKJYt2selLsCw==",
      "dependencies": {
        "@ckeditor/ckeditor5-utils": "41.4.2",
        "lodash-es": "4.17.21"
      }
    },
    "node_modules/@ckeditor/ckeditor5-ui": {
      "version": "41.4.2",
      "resolved": "https://registry.npmjs.org/@ckeditor/ckeditor5-ui/-/ckeditor5-ui-41.4.2.tgz",
      "integrity": "sha512-wvRbDXJN8PmaWyB0H487DjvdH2ayMyN52+WLkZlVbhX9ICb1sf5XnLz4v/wXeQ4W8JbWdsg2FZIDDQDeXjvyJw==",
      "dependencies": {
        "@ckeditor/ckeditor5-core": "41.4.2",
        "@ckeditor/ckeditor5-utils": "41.4.2",
        "color-convert": "2.0.1",
        "color-parse": "1.4.2",
        "lodash-es": "4.17.21",
        "vanilla-colorful": "0.7.2"
      }
    },
    "node_modules/@ckeditor/ckeditor5-utils": {
      "version": "41.4.2",
      "resolved": "https://registry.npmjs.org/@ckeditor/ckeditor5-utils/-/ckeditor5-utils-41.4.2.tgz",
      "integrity": "sha512-VgLr2eLVggyhDqa7H8JUxpnOLTZ0R/YuDZ6ENVUumd9q4VrpNs94ZK0Y/Shp7UmuHQ/sTth+PWTsi+t5KwYqeQ==",
      "dependencies": {
        "lodash-es": "4.17.21"
      }
    },
    "node_modules/color-convert": {
      "version": "2.0.1",
      "resolved": "https://registry.npmjs.org/color-convert/-/color-convert-2.0.1.tgz",
      "integrity": "sha512-RRECPsj7iu/xb5oKYcsFHSppFNnsj/52OVTRKb4zP5onXwVF3zVmmToNcOfGC+CRDpfK/U584fMg38ZHCaElKQ==",
      "dependencies": {
        "color-name": "~1.1.4"
      },
      "engines": {
        "node": ">=7.0.0"
      }
    },
    "node_modules/color-name": {
      "version": "1.1.4",
      "resolved": "https://registry.npmjs.org/color-name/-/color-name-1.1.4.tgz",
      "integrity": "sha512-dOy+3AuW3a2wNbZHIuMZpTcgjGuLU/uBL/ubcZF9OXbDo8ff4O8yVp5Bf0efS8uEoYo5q4Fx7dY9OgQGXgAsQA=="
    },
    "node_modules/color-parse": {
      "version": "1.4.2",
      "resolved": "https://registry.npmjs.org/color-parse/-/color-parse-1.4.2.tgz",
      "integrity": "sha512-RI7s49/8yqDj3fECFZjUI1Yi0z/Gq1py43oNJivAIIDSyJiOZLfYCRQEgn8HEVAj++PcRe8AnL2XF0fRJ3BTnA==",
      "dependencies": {
        "color-name": "^1.0.0"
      }
    },
    "node_modules/lodash-es": {
      "version": "4.17.21",
      "resolved": "https://registry.npmjs.org/lodash-es/-/lodash-es-4.17.21.tgz",
      "integrity": "sha512-mKnC+QJ9pWVzv+C4/U3rRsHapFfHvQFoFB92e52xeyGMcX6/OlIl78je1u8vePzYZSkkogMPJ2yjxxsb89cxyw=="
    },
    "node_modules/vanilla-colorful": {
      "version": "0.7.2",
      "resolved": "https://registry.npmjs.org/vanilla-colorful/-/vanilla-colorful-0.7.2.tgz",
      "integrity": "sha512-z2YZusTFC6KnLERx1cgoIRX2CjPRP0W75N+3CC6gbvdX5Ch47rZkEMGO2Xnf+IEmi3RiFLxS18gayMA27iU7Kg=="
    }
  },
  "dependencies": {
    "@ckeditor/ckeditor5-core": {
      "version": "41.4.2",
      "resolved": "https://registry.npmjs.org/@ckeditor/ckeditor5-core/-/ckeditor5-core-41.4.2.tgz",
      "integrity": "sha512-kCIJjviiMNIMBMx7XFXFp1IeTELQKv7xyPJiVFDyUftIfthf9uWty72ipZ3BBNBGBkaoTiSzDZ507EsX6czuIQ==",
      "requires": {
        "@ckeditor/ckeditor5-engine": "41.4.2",
        "@ckeditor/ckeditor5-utils": "41.4.2",
        "lodash-es": "4.17.21"
      }
    },
    "@ckeditor/ckeditor5-engine": {
      "version": "41.4.2",
      "resolved": "https://registry.npmjs.org/@ckeditor/ckeditor5-engine/-/ckeditor5-engine-41.4.2.tgz",
      "integrity": "sha512-25JqIzNYvCqQ6f02YY+a8A8xtjClzI0YCio0JGoRG3JHJXzYsQbTPsiokuE1BCwMCu3gYoFz8eKJYt2selLsCw==",
      "requires": {
        "@ckeditor/ckeditor5-utils": "41.4.2",
        "lodash-es": "4.17.21"
      }
    },
    "@ckeditor/ckeditor5-ui": {
      "version": "41.4.2",
      "resolved": "https://registry.npmjs.org/@ckeditor/ckeditor5-ui/-/ckeditor5-ui-41.4.2.tgz",
      "integrity": "sha512-wvRbDXJN8PmaWyB0H487DjvdH2ayMyN52+WLkZlVbhX9ICb1sf5XnLz4v/wXeQ4W8JbWdsg2FZIDDQDeXjvyJw==",
      "requires": {
        "@ckeditor/ckeditor5-core": "41.4.2",
        "@ckeditor/ckeditor5-utils": "41.4.2",
        "color-convert": "2.0.1",
        "color-parse": "1.4.2",
        "lodash-es": "4.17.21",
        "vanilla-colorful": "0.7.2"
      }
    },
    "@ckeditor/ckeditor5-utils": {
      "version": "41.4.2",
      "resolved": "https://registry.npmjs.org/@ckeditor/ckeditor5-utils/-/ckeditor5-utils-41.4.2.tgz",
      "integrity": "sha512-VgLr2eLVggyhDqa7H8JUxpnOLTZ0R/YuDZ6ENVUumd9q4VrpNs94ZK0Y/Shp7UmuHQ/sTth+PWTsi+t5KwYqeQ==",
      "requires": {
        "lodash-es": "4.17.21"
      }
    },
    "color-convert": {
      "version": "2.0.1",
      "resolved": "https://registry.npmjs.org/color-convert/-/color-convert-2.0.1.tgz",
      "integrity": "sha512-RRECPsj7iu/xb5oKYcsFHSppFNnsj/52OVTRKb4zP5onXwVF3zVmmToNcOfGC+CRDpfK/U584fMg38ZHCaElKQ==",
      "requires": {
        "color-name": "~1.1.4"
      }
    },
    "color-name": {
      "version": "1.1.4",
      "resolved": "https://registry.npmjs.org/color-name/-/color-name-1.1.4.tgz",
      "integrity": "sha512-dOy+3AuW3a2wNbZHIuMZpTcgjGuLU/uBL/ubcZF9OXbDo8ff4O8yVp5Bf0efS8uEoYo5q4Fx7dY9OgQGXgAsQA=="
    },
    "color-parse": {
      "version": "1.4.2",
      "resolved": "https://registry.npmjs.org/color-parse/-/color-parse-1.4.2.tgz",
      "integrity": "sha512-RI7s49/8yqDj3fECFZjUI1Yi0z/Gq1py43oNJivAIIDSyJiOZLfYCRQEgn8HEVAj++PcRe8AnL2XF0fRJ3BTnA==",
      "requires": {
        "color-name": "^1.0.0"
      }
    },
    "lodash-es": {
      "version": "4.17.21",
      "resolved": "https://registry.npmjs.org/lodash-es/-/lodash-es-4.17.21.tgz",
      "integrity": "sha512-mKnC+QJ9pWVzv+C4/U3rRsHapFfHvQFoFB92e52xeyGMcX6/OlIl78je1u8vePzYZSkkogMPJ2yjxxsb89cxyw=="
    },
    "vanilla-colorful": {
      "version": "0.7.2",
      "resolved": "https://registry.npmjs.org/vanilla-colorful/-/vanilla-colorful-0.7.2.tgz",
      "integrity": "sha512-z2YZusTFC6KnLERx1cgoIRX2CjPRP0W75N+3CC6gbvdX5Ch47rZkEMGO2Xnf+IEmi3RiFLxS18gayMA27iU7Kg=="
    }
  }
}
